
Microsoft Visual Studio Solution File, Format Version 12.00
Project("{FAE04EC0-301F-11D3-BF4B-00C04F79EFBC}") = "Tennis.App", "Tennis.App\Tennis.App.csproj", "{FB8C4305-EBA7-4AD9-9E98-0C88BD9F28DF}"
EndProject
Project("{2150E333-8FDC-42A3-9474-1A3956D46DE8}") = "Solution Items", "Solution Items", "{977E06BB-3443-4EEF-8942-DEE2E0303D70}"
	ProjectSection(SolutionItems) = preProject
		docker-compose.yml = docker-compose.yml
		global.json = global.json
		.gitignore = .gitignore
	EndProjectSection
EndProject
Project("{FAE04EC0-301F-11D3-BF4B-00C04F79EFBC}") = "Tennis.Core.UnitTests", "Tennis.Core.UnitTests\Tennis.Core.UnitTests.csproj", "{ACA7DF6E-07EF-4266-8851-C330B0AA36FA}"
EndProject
Project("{FAE04EC0-301F-11D3-BF4B-00C04F79EFBC}") = "Tennis.Core", "Tennis.Core\Tennis.Core.csproj", "{8538C68E-9E63-4351-9C8A-ACDC880B82F4}"
EndProject
Global
	GlobalSection(SolutionConfigurationPlatforms) = preSolution
		Debug|Any CPU = Debug|Any CPU
		Release|Any CPU = Release|Any CPU
	EndGlobalSection
	GlobalSection(ProjectConfigurationPlatforms) = postSolution
		{FB8C4305-EBA7-4AD9-9E98-0C88BD9F28DF}.Debug|Any CPU.ActiveCfg = Debug|Any CPU
		{FB8C4305-EBA7-4AD9-9E98-0C88BD9F28DF}.Debug|Any CPU.Build.0 = Debug|Any CPU
		{FB8C4305-EBA7-4AD9-9E98-0C88BD9F28DF}.Release|Any CPU.ActiveCfg = Release|Any CPU
		{FB8C4305-EBA7-4AD9-9E98-0C88BD9F28DF}.Release|Any CPU.Build.0 = Release|Any CPU
		{ACA7DF6E-07EF-4266-8851-C330B0AA36FA}.Debug|Any CPU.ActiveCfg = Debug|Any CPU
		{ACA7DF6E-07EF-4266-8851-C330B0AA36FA}.Debug|Any CPU.Build.0 = Debug|Any CPU
		{ACA7DF6E-07EF-4266-8851-C330B0AA36FA}.Release|Any CPU.ActiveCfg = Release|Any CPU
		{ACA7DF6E-07EF-4266-8851-C330B0AA36FA}.Release|Any CPU.Build.0 = Release|Any CPU
		{8538C68E-9E63-4351-9C8A-ACDC880B82F4}.Debug|Any CPU.ActiveCfg = Debug|Any CPU
		{8538C68E-9E63-4351-9C8A-ACDC880B82F4}.Debug|Any CPU.Build.0 = Debug|Any CPU
		{8538C68E-9E63-4351-9C8A-ACDC880B82F4}.Release|Any CPU.ActiveCfg = Release|Any CPU
		{8538C68E-9E63-4351-9C8A-ACDC880B82F4}.Release|Any CPU.Build.0 = Release|Any CPU
	EndGlobalSection
EndGlobal
